
Microsoft Visual Studio Solution File, Format Version 12.00
# Visual Studio 15
VisualStudioVersion = 15.0.28010.2046
MinimumVisualStudioVersion = 10.0.40219.1
Project("{9A19103F-16F7-4668-BE54-9A1E7A4F7556}") = "ImprovedApi", "ImprovedApi\ImprovedApi.csproj", "{DC16D75A-0458-47EE-AEB1-269FCB3E0B1A}"
EndProject
Project("{2150E333-8FDC-42A3-9474-1A3956D46DE8}") = "Example", "Example", "{EE8A667B-9AA8-4B50-BBB4-E67C6BDA7186}"
EndProject
Project("{9A19103F-16F7-4668-BE54-9A1E7A4F7556}") = "Example.Api", "Example\Example.Api\Example.Api.csproj", "{EE0F841D-5A85-4B0F-8ADB-2E98AEFF2DE6}"
EndProject
Project("{9A19103F-16F7-4668-BE54-9A1E7A4F7556}") = "Example.Domain", "Example\Example.Domain\Example.Domain.csproj", "{059706A0-3F25-485D-A7A6-74B9C5BC17E1}"
EndProject
Project("{9A19103F-16F7-4668-BE54-9A1E7A4F7556}") = "Example.Infra", "Example\Example.Infra\Example.Infra.csproj", "{003F9A67-EE2F-4BC4-9EBA-3FDDF5890688}"
EndProject
Project("{2150E333-8FDC-42A3-9474-1A3956D46DE8}") = "ExempleForeignKey", "ExempleForeignKey", "{7D771D1E-F74E-4091-BA06-A384C602EA97}"
EndProject
Project("{9A19103F-16F7-4668-BE54-9A1E7A4F7556}") = "TestForeignKey", "ExempleForeignKey\TestForeignKey\TestForeignKey.csproj", "{DB4B7898-97A9-420C-9F86-DA9E940BD425}"
EndProject
Project("{9A19103F-16F7-4668-BE54-9A1E7A4F7556}") = "TestForeignKey.Domain", "ExempleForeignKey\TestForeignKey.Domain\TestForeignKey.Domain.csproj", "{D7BE3C78-5BFA-416C-9EFD-F446942E816E}"
EndProject
Project("{9A19103F-16F7-4668-BE54-9A1E7A4F7556}") = "TestForeignKey.Infra", "ExempleForeignKey\TestForeignKey.Infra\TestForeignKey.Infra.csproj", "{23C6586B-B8FE-4632-B49F-AE9451891267}"
EndProject
Project("{2150E333-8FDC-42A3-9474-1A3956D46DE8}") = "ExempleCodeFirst", "ExempleCodeFirst", "{29DC7C61-A4A9-4216-B745-12ABD9F428D6}"
EndProject
Project("{9A19103F-16F7-4668-BE54-9A1E7A4F7556}") = "TestCodeFirst", "ExempleCodeFirst\TestForeignKey\TestCodeFirst.csproj", "{2282E5D9-9B82-428D-9004-4A1A63CCED98}"
EndProject
Project("{9A19103F-16F7-4668-BE54-9A1E7A4F7556}") = "TestCodeFirst.Domain", "ExempleCodeFirst\TestForeignKey.Domain\TestCodeFirst.Domain.csproj", "{36884B72-1C2C-4E78-B39E-F090136D9688}"
EndProject
Project("{9A19103F-16F7-4668-BE54-9A1E7A4F7556}") = "TestCodeFirst.Infra", "ExempleCodeFirst\TestForeignKey.Infra\TestCodeFirst.Infra.csproj", "{6D11748E-152D-4176-ACA4-4A15A7E3285A}"
EndProject
Global
	GlobalSection(SolutionConfigurationPlatforms) = preSolution
		Debug|Any CPU = Debug|Any CPU
		Release|Any CPU = Release|Any CPU
	EndGlobalSection
	GlobalSection(ProjectConfigurationPlatforms) = postSolution
		{DC16D75A-0458-47EE-AEB1-269FCB3E0B1A}.Debug|Any CPU.ActiveCfg = Debug|Any CPU
		{DC16D75A-0458-47EE-AEB1-269FCB3E0B1A}.Debug|Any CPU.Build.0 = Debug|Any CPU
		{DC16D75A-0458-47EE-AEB1-269FCB3E0B1A}.Release|Any CPU.ActiveCfg = Release|Any CPU
		{DC16D75A-0458-47EE-AEB1-269FCB3E0B1A}.Release|Any CPU.Build.0 = Release|Any CPU
		{EE0F841D-5A85-4B0F-8ADB-2E98AEFF2DE6}.Debug|Any CPU.ActiveCfg = Debug|Any CPU
		{EE0F841D-5A85-4B0F-8ADB-2E98AEFF2DE6}.Debug|Any CPU.Build.0 = Debug|Any CPU
		{EE0F841D-5A85-4B0F-8ADB-2E98AEFF2DE6}.Release|Any CPU.ActiveCfg = Release|Any CPU
		{EE0F841D-5A85-4B0F-8ADB-2E98AEFF2DE6}.Release|Any CPU.Build.0 = Release|Any CPU
		{059706A0-3F25-485D-A7A6-74B9C5BC17E1}.Debug|Any CPU.ActiveCfg = Debug|Any CPU
		{059706A0-3F25-485D-A7A6-74B9C5BC17E1}.Debug|Any CPU.Build.0 = Debug|Any CPU
		{059706A0-3F25-485D-A7A6-74B9C5BC17E1}.Release|Any CPU.ActiveCfg = Release|Any CPU
		{059706A0-3F25-485D-A7A6-74B9C5BC17E1}.Release|Any CPU.Build.0 = Release|Any CPU
		{003F9A67-EE2F-4BC4-9EBA-3FDDF5890688}.Debug|Any CPU.ActiveCfg = Debug|Any CPU
		{003F9A67-EE2F-4BC4-9EBA-3FDDF5890688}.Debug|Any CPU.Build.0 = Debug|Any CPU
		{003F9A67-EE2F-4BC4-9EBA-3FDDF5890688}.Release|Any CPU.ActiveCfg = Release|Any CPU
		{003F9A67-EE2F-4BC4-9EBA-3FDDF5890688}.Release|Any CPU.Build.0 = Release|Any CPU
		{DB4B7898-97A9-420C-9F86-DA9E940BD425}.Debug|Any CPU.ActiveCfg = Debug|Any CPU
		{DB4B7898-97A9-420C-9F86-DA9E940BD425}.Debug|Any CPU.Build.0 = Debug|Any CPU
		{DB4B7898-97A9-420C-9F86-DA9E940BD425}.Release|Any CPU.ActiveCfg = Release|Any CPU
		{DB4B7898-97A9-420C-9F86-DA9E940BD425}.Release|Any CPU.Build.0 = Release|Any CPU
		{D7BE3C78-5BFA-416C-9EFD-F446942E816E}.Debug|Any CPU.ActiveCfg = Debug|Any CPU
		{D7BE3C78-5BFA-416C-9EFD-F446942E816E}.Debug|Any CPU.Build.0 = Debug|Any CPU
		{D7BE3C78-5BFA-416C-9EFD-F446942E816E}.Release|Any CPU.ActiveCfg = Release|Any CPU
		{D7BE3C78-5BFA-416C-9EFD-F446942E816E}.Release|Any CPU.Build.0 = Release|Any CPU
		{23C6586B-B8FE-4632-B49F-AE9451891267}.Debug|Any CPU.ActiveCfg = Debug|Any CPU
		{23C6586B-B8FE-4632-B49F-AE9451891267}.Debug|Any CPU.Build.0 = Debug|Any CPU
		{23C6586B-B8FE-4632-B49F-AE9451891267}.Release|Any CPU.ActiveCfg = Release|Any CPU
		{23C6586B-B8FE-4632-B49F-AE9451891267}.Release|Any CPU.Build.0 = Release|Any CPU
		{2282E5D9-9B82-428D-9004-4A1A63CCED98}.Debug|Any CPU.ActiveCfg = Debug|Any CPU
		{2282E5D9-9B82-428D-9004-4A1A63CCED98}.Debug|Any CPU.Build.0 = Debug|Any CPU
		{2282E5D9-9B82-428D-9004-4A1A63CCED98}.Release|Any CPU.ActiveCfg = Release|Any CPU
		{2282E5D9-9B82-428D-9004-4A1A63CCED98}.Release|Any CPU.Build.0 = Release|Any CPU
		{36884B72-1C2C-4E78-B39E-F090136D9688}.Debug|Any CPU.ActiveCfg = Debug|Any CPU
		{36884B72-1C2C-4E78-B39E-F090136D9688}.Debug|Any CPU.Build.0 = Debug|Any CPU
		{36884B72-1C2C-4E78-B39E-F090136D9688}.Release|Any CPU.ActiveCfg = Release|Any CPU
		{36884B72-1C2C-4E78-B39E-F090136D9688}.Release|Any CPU.Build.0 = Release|Any CPU
		{6D11748E-152D-4176-ACA4-4A15A7E3285A}.Debug|Any CPU.ActiveCfg = Debug|Any CPU
		{6D11748E-152D-4176-ACA4-4A15A7E3285A}.Debug|Any CPU.Build.0 = Debug|Any CPU
		{6D11748E-152D-4176-ACA4-4A15A7E3285A}.Release|Any CPU.ActiveCfg = Release|Any CPU
		{6D11748E-152D-4176-ACA4-4A15A7E3285A}.Release|Any CPU.Build.0 = Release|Any CPU
	EndGlobalSection
	GlobalSection(SolutionProperties) = preSolution
		HideSolutionNode = FALSE
	EndGlobalSection
	GlobalSection(NestedProjects) = preSolution
		{EE0F841D-5A85-4B0F-8ADB-2E98AEFF2DE6} = {EE8A667B-9AA8-4B50-BBB4-E67C6BDA7186}
		{059706A0-3F25-485D-A7A6-74B9C5BC17E1} = {EE8A667B-9AA8-4B50-BBB4-E67C6BDA7186}
		{003F9A67-EE2F-4BC4-9EBA-3FDDF5890688} = {EE8A667B-9AA8-4B50-BBB4-E67C6BDA7186}
		{DB4B7898-97A9-420C-9F86-DA9E940BD425} = {7D771D1E-F74E-4091-BA06-A384C602EA97}
		{D7BE3C78-5BFA-416C-9EFD-F446942E816E} = {7D771D1E-F74E-4091-BA06-A384C602EA97}
		{23C6586B-B8FE-4632-B49F-AE9451891267} = {7D771D1E-F74E-4091-BA06-A384C602EA97}
		{2282E5D9-9B82-428D-9004-4A1A63CCED98} = {29DC7C61-A4A9-4216-B745-12ABD9F428D6}
		{36884B72-1C2C-4E78-B39E-F090136D9688} = {29DC7C61-A4A9-4216-B745-12ABD9F428D6}
		{6D11748E-152D-4176-ACA4-4A15A7E3285A} = {29DC7C61-A4A9-4216-B745-12ABD9F428D6}
	EndGlobalSection
	GlobalSection(ExtensibilityGlobals) = postSolution
		SolutionGuid = {F35ADEF6-6BF1-4C0F-9C9E-0F7D1C2C6309}
	EndGlobalSection
EndGlobal
